
Microsoft Visual Studio Solution File, Format Version 12.00
# Visual Studio Version 17
VisualStudioVersion = 17.1.32328.378
MinimumVisualStudioVersion = 10.0.40219.1
Project("{FAE04EC0-301F-11D3-BF4B-00C04F79EFBC}") = "TaxCalculator", "TaxCalculator\TaxCalculator.csproj", "{6B897F48-4D48-4CB5-AC95-2111195DDFD8}"
EndProject
Project("{FAE04EC0-301F-11D3-BF4B-00C04F79EFBC}") = "TaxCalculator.UnitTest", "TaxCalculatorTex\TaxCalculator.UnitTest.csproj", "{E78C1F9C-00BF-470B-9D3A-0A811EC07709}"
EndProject
Global
	GlobalSection(SolutionConfigurationPlatforms) = preSolution
		Debug|Any CPU = Debug|Any CPU
		Release|Any CPU = Release|Any CPU
	EndGlobalSection
	GlobalSection(ProjectConfigurationPlatforms) = postSolution
		{6B897F48-4D48-4CB5-AC95-2111195DDFD8}.Debug|Any CPU.ActiveCfg = Debug|Any CPU
		{6B897F48-4D48-4CB5-AC95-2111195DDFD8}.Debug|Any CPU.Build.0 = Debug|Any CPU
		{6B897F48-4D48-4CB5-AC95-2111195DDFD8}.Release|Any CPU.ActiveCfg = Release|Any CPU
		{6B897F48-4D48-4CB5-AC95-2111195DDFD8}.Release|Any CPU.Build.0 = Release|Any CPU
		{E78C1F9C-00BF-470B-9D3A-0A811EC07709}.Debug|Any CPU.ActiveCfg = Debug|Any CPU
		{E78C1F9C-00BF-470B-9D3A-0A811EC07709}.Debug|Any CPU.Build.0 = Debug|Any CPU
		{E78C1F9C-00BF-470B-9D3A-0A811EC07709}.Release|Any CPU.ActiveCfg = Release|Any CPU
		{E78C1F9C-00BF-470B-9D3A-0A811EC07709}.Release|Any CPU.Build.0 = Release|Any CPU
	EndGlobalSection
	GlobalSection(SolutionProperties) = preSolution
		HideSolutionNode = FALSE
	EndGlobalSection
	GlobalSection(ExtensibilityGlobals) = postSolution
		SolutionGuid = {DDDE892A-024A-479E-AB95-26DD3AF0A58A}
	EndGlobalSection
EndGlobal
